// !$*UTF8*$!
{
	archiveVersion = 1;
	classes = {
	};
	objectVersion = 50;
	objects = {

/* Begin PBXBuildFile section */
		0B940973215BD599005A6BD2 /* AppDelegate.swift in Sources */ = {isa = PBXBuildFile; fileRef = 0B940972215BD599005A6BD2 /* AppDelegate.swift */; };
		0B940975215BD599005A6BD2 /* ViewController.swift in Sources */ = {isa = PBXBuildFile; fileRef = 0B940974215BD599005A6BD2 /* ViewController.swift */; };
		0B940978215BD599005A6BD2 /* Main.storyboard in Resources */ = {isa = PBXBuildFile; fileRef = 0B940976215BD599005A6BD2 /* Main.storyboard */; };
		0B94097A215BD59C005A6BD2 /* Assets.xcassets in Resources */ = {isa = PBXBuildFile; fileRef = 0B940979215BD59C005A6BD2 /* Assets.xcassets */; };
		0B94097D215BD59C005A6BD2 /* LaunchScreen.storyboard in Resources */ = {isa = PBXBuildFile; fileRef = 0B94097B215BD59C005A6BD2 /* LaunchScreen.storyboard */; };
		0B940988215BD59C005A6BD2 /* airdreamTests.swift in Sources */ = {isa = PBXBuildFile; fileRef = 0B940987215BD59C005A6BD2 /* airdreamTests.swift */; };
		0B940993215BD59C005A6BD2 /* airdreamUITests.swift in Sources */ = {isa = PBXBuildFile; fileRef = 0B940992215BD59C005A6BD2 /* airdreamUITests.swift */; };
		0B9409A1215BDBD4005A6BD2 /* BookingWizardNavigationViewController.swift in Sources */ = {isa = PBXBuildFile; fileRef = 0B9409A0215BDBD4005A6BD2 /* BookingWizardNavigationViewController.swift */; };
		0B9409A3215BDC17005A6BD2 /* TripTypeViewController.swift in Sources */ = {isa = PBXBuildFile; fileRef = 0B9409A2215BDC17005A6BD2 /* TripTypeViewController.swift */; };
		0B9409A5215BDC4F005A6BD2 /* DepartureCityViewController.swift in Sources */ = {isa = PBXBuildFile; fileRef = 0B9409A4215BDC4F005A6BD2 /* DepartureCityViewController.swift */; };
		0B9409A7215BDF23005A6BD2 /* ArrivalCityViewController.swift in Sources */ = {isa = PBXBuildFile; fileRef = 0B9409A6215BDF23005A6BD2 /* ArrivalCityViewController.swift */; };
		0B9409A9215BE0EA005A6BD2 /* BookingConfirmationViewController.swift in Sources */ = {isa = PBXBuildFile; fileRef = 0B9409A8215BE0EA005A6BD2 /* BookingConfirmationViewController.swift */; };
/* End PBXBuildFile section */

/* Begin PBXContainerItemProxy section */
		0B940984215BD59C005A6BD2 /* PBXContainerItemProxy */ = {
			isa = PBXContainerItemProxy;
			containerPortal = 0B940967215BD599005A6BD2 /* Project object */;
			proxyType = 1;
			remoteGlobalIDString = 0B94096E215BD599005A6BD2;
			remoteInfo = airdream;
		};
		0B94098F215BD59C005A6BD2 /* PBXContainerItemProxy */ = {
			isa = PBXContainerItemProxy;
			containerPortal = 0B940967215BD599005A6BD2 /* Project object */;
			proxyType = 1;
			remoteGlobalIDString = 0B94096E215BD599005A6BD2;
			remoteInfo = airdream;
		};
/* End PBXContainerItemProxy section */

/* Begin PBXFileReference section */
		0B94096F215BD599005A6BD2 /* airdream.app */ = {isa = PBXFileReference; explicitFileType = wrapper.application; includeInIndex = 0; path = airdream.app; sourceTree = BUILT_PRODUCTS_DIR; };
		0B940972215BD599005A6BD2 /* AppDelegate.swift */ = {isa = PBXFileReference; lastKnownFileType = sourcecode.swift; path = AppDelegate.swift; sourceTree = "<group>"; };
		0B940974215BD599005A6BD2 /* ViewController.swift */ = {isa = PBXFileReference; lastKnownFileType = sourcecode.swift; path = ViewController.swift; sourceTree = "<group>"; };
		0B940977215BD599005A6BD2 /* Base */ = {isa = PBXFileReference; lastKnownFileType = file.storyboard; name = Base; path = Base.lproj/Main.storyboard; sourceTree = "<group>"; };
		0B940979215BD59C005A6BD2 /* Assets.xcassets */ = {isa = PBXFileReference; lastKnownFileType = folder.assetcatalog; path = Assets.xcassets; sourceTree = "<group>"; };
		0B94097C215BD59C005A6BD2 /* Base */ = {isa = PBXFileReference; lastKnownFileType = file.storyboard; name = Base; path = Base.lproj/LaunchScreen.storyboard; sourceTree = "<group>"; };
		0B94097E215BD59C005A6BD2 /* Info.plist */ = {isa = PBXFileReference; lastKnownFileType = text.plist.xml; path = Info.plist; sourceTree = "<group>"; };
		0B940983215BD59C005A6BD2 /* airdreamTests.xctest */ = {isa = PBXFileReference; explicitFileType = wrapper.cfbundle; includeInIndex = 0; path = airdreamTests.xctest; sourceTree = BUILT_PRODUCTS_DIR; };
		0B940987215BD59C005A6BD2 /* airdreamTests.swift */ = {isa = PBXFileReference; lastKnownFileType = sourcecode.swift; path = airdreamTests.swift; sourceTree = "<group>"; };
		0B940989215BD59C005A6BD2 /* Info.plist */ = {isa = PBXFileReference; lastKnownFileType = text.plist.xml; path = Info.plist; sourceTree = "<group>"; };
		0B94098E215BD59C005A6BD2 /* airdreamUITests.xctest */ = {isa = PBXFileReference; explicitFileType = wrapper.cfbundle; includeInIndex = 0; path = airdreamUITests.xctest; sourceTree = BUILT_PRODUCTS_DIR; };
		0B940992215BD59C005A6BD2 /* airdreamUITests.swift */ = {isa = PBXFileReference; lastKnownFileType = sourcecode.swift; path = airdreamUITests.swift; sourceTree = "<group>"; };
		0B940994215BD59C005A6BD2 /* Info.plist */ = {isa = PBXFileReference; lastKnownFileType = text.plist.xml; path = Info.plist; sourceTree = "<group>"; };
		0B9409A0215BDBD4005A6BD2 /* BookingWizardNavigationViewController.swift */ = {isa = PBXFileReference; lastKnownFileType = sourcecode.swift; path = BookingWizardNavigationViewController.swift; sourceTree = "<group>"; };
		0B9409A2215BDC17005A6BD2 /* TripTypeViewController.swift */ = {isa = PBXFileReference; lastKnownFileType = sourcecode.swift; path = TripTypeViewController.swift; sourceTree = "<group>"; };
		0B9409A4215BDC4F005A6BD2 /* DepartureCityViewController.swift */ = {isa = PBXFileReference; lastKnownFileType = sourcecode.swift; path = DepartureCityViewController.swift; sourceTree = "<group>"; };
		0B9409A6215BDF23005A6BD2 /* ArrivalCityViewController.swift */ = {isa = PBXFileReference; lastKnownFileType = sourcecode.swift; path = ArrivalCityViewController.swift; sourceTree = "<group>"; };
		0B9409A8215BE0EA005A6BD2 /* BookingConfirmationViewController.swift */ = {isa = PBXFileReference; lastKnownFileType = sourcecode.swift; path = BookingConfirmationViewController.swift; sourceTree = "<group>"; };
/* End PBXFileReference section */

/* Begin PBXFrameworksBuildPhase section */
		0B94096C215BD599005A6BD2 /* Frameworks */ = {
			isa = PBXFrameworksBuildPhase;
			buildActionMask = 2147483647;
			files = (
			);
			runOnlyForDeploymentPostprocessing = 0;
		};
		0B940980215BD59C005A6BD2 /* Frameworks */ = {
			isa = PBXFrameworksBuildPhase;
			buildActionMask = 2147483647;
			files = (
			);
			runOnlyForDeploymentPostprocessing = 0;
		};
		0B94098B215BD59C005A6BD2 /* Frameworks */ = {
			isa = PBXFrameworksBuildPhase;
			buildActionMask = 2147483647;
			files = (
			);
			runOnlyForDeploymentPostprocessing = 0;
		};
/* End PBXFrameworksBuildPhase section */

/* Begin PBXGroup section */
		0B940966215BD599005A6BD2 = {
			isa = PBXGroup;
			children = (
				0B940971215BD599005A6BD2 /* airdream */,
				0B940986215BD59C005A6BD2 /* airdreamTests */,
				0B940991215BD59C005A6BD2 /* airdreamUITests */,
				0B940970215BD599005A6BD2 /* Products */,
			);
			sourceTree = "<group>";
		};
		0B940970215BD599005A6BD2 /* Products */ = {
			isa = PBXGroup;
			children = (
				0B94096F215BD599005A6BD2 /* airdream.app */,
				0B940983215BD59C005A6BD2 /* airdreamTests.xctest */,
				0B94098E215BD59C005A6BD2 /* airdreamUITests.xctest */,
			);
			name = Products;
			sourceTree = "<group>";
		};
		0B940971215BD599005A6BD2 /* airdream */ = {
			isa = PBXGroup;
			children = (
				0B940972215BD599005A6BD2 /* AppDelegate.swift */,
				0B940974215BD599005A6BD2 /* ViewController.swift */,
				0B940976215BD599005A6BD2 /* Main.storyboard */,
				0B9409A8215BE0EA005A6BD2 /* BookingConfirmationViewController.swift */,
				0B940979215BD59C005A6BD2 /* Assets.xcassets */,
				0B94097B215BD59C005A6BD2 /* LaunchScreen.storyboard */,
				0B94097E215BD59C005A6BD2 /* Info.plist */,
				0B9409A0215BDBD4005A6BD2 /* BookingWizardNavigationViewController.swift */,
				0B9409A2215BDC17005A6BD2 /* TripTypeViewController.swift */,
				0B9409A4215BDC4F005A6BD2 /* DepartureCityViewController.swift */,
				0B9409A6215BDF23005A6BD2 /* ArrivalCityViewController.swift */,
			);
			path = airdream;
			sourceTree = "<group>";
		};
		0B940986215BD59C005A6BD2 /* airdreamTests */ = {
			isa = PBXGroup;
			children = (
				0B940987215BD59C005A6BD2 /* airdreamTests.swift */,
				0B940989215BD59C005A6BD2 /* Info.plist */,
			);
			path = airdreamTests;
			sourceTree = "<group>";
		};
		0B940991215BD59C005A6BD2 /* airdreamUITests */ = {
			isa = PBXGroup;
			children = (
				0B940992215BD59C005A6BD2 /* airdreamUITests.swift */,
				0B940994215BD59C005A6BD2 /* Info.plist */,
			);
			path = airdreamUITests;
			sourceTree = "<group>";
		};
/* End PBXGroup section */

/* Begin PBXNativeTarget section */
		0B94096E215BD599005A6BD2 /* airdream */ = {
			isa = PBXNativeTarget;
			buildConfigurationList = 0B940997215BD59C005A6BD2 /* Build configuration list for PBXNativeTarget "airdream" */;
			buildPhases = (
				0B94096B215BD599005A6BD2 /* Sources */,
				0B94096C215BD599005A6BD2 /* Frameworks */,
				0B94096D215BD599005A6BD2 /* Resources */,
			);
			buildRules = (
			);
			dependencies = (
			);
			name = airdream;
			productName = airdream;
			productReference = 0B94096F215BD599005A6BD2 /* airdream.app */;
			productType = "com.apple.product-type.application";
		};
		0B940982215BD59C005A6BD2 /* airdreamTests */ = {
			isa = PBXNativeTarget;
			buildConfigurationList = 0B94099A215BD59C005A6BD2 /* Build configuration list for PBXNativeTarget "airdreamTests" */;
			buildPhases = (
				0B94097F215BD59C005A6BD2 /* Sources */,
				0B940980215BD59C005A6BD2 /* Frameworks */,
				0B940981215BD59C005A6BD2 /* Resources */,
			);
			buildRules = (
			);
			dependencies = (
				0B940985215BD59C005A6BD2 /* PBXTargetDependency */,
			);
			name = airdreamTests;
			productName = airdreamTests;
			productReference = 0B940983215BD59C005A6BD2 /* airdreamTests.xctest */;
			productType = "com.apple.product-type.bundle.unit-test";
		};
		0B94098D215BD59C005A6BD2 /* airdreamUITests */ = {
			isa = PBXNativeTarget;
			buildConfigurationList = 0B94099D215BD59C005A6BD2 /* Build configuration list for PBXNativeTarget "airdreamUITests" */;
			buildPhases = (
				0B94098A215BD59C005A6BD2 /* Sources */,
				0B94098B215BD59C005A6BD2 /* Frameworks */,
				0B94098C215BD59C005A6BD2 /* Resources */,
			);
			buildRules = (
			);
			dependencies = (
				0B940990215BD59C005A6BD2 /* PBXTargetDependency */,
			);
			name = airdreamUITests;
			productName = airdreamUITests;
			productReference = 0B94098E215BD59C005A6BD2 /* airdreamUITests.xctest */;
			productType = "com.apple.product-type.bundle.ui-testing";
		};
/* End PBXNativeTarget section */

/* Begin PBXProject section */
		0B940967215BD599005A6BD2 /* Project object */ = {
			isa = PBXProject;
			attributes = {
				LastSwiftUpdateCheck = 1000;
				LastUpgradeCheck = 1000;
				ORGANIZATIONNAME = Orange;
				TargetAttributes = {
					0B94096E215BD599005A6BD2 = {
						CreatedOnToolsVersion = 10.0;
					};
					0B940982215BD59C005A6BD2 = {
						CreatedOnToolsVersion = 10.0;
						TestTargetID = 0B94096E215BD599005A6BD2;
					};
					0B94098D215BD59C005A6BD2 = {
						CreatedOnToolsVersion = 10.0;
						TestTargetID = 0B94096E215BD599005A6BD2;
					};
				};
			};
			buildConfigurationList = 0B94096A215BD599005A6BD2 /* Build configuration list for PBXProject "airdream" */;
			compatibilityVersion = "Xcode 9.3";
			developmentRegion = en;
			hasScannedForEncodings = 0;
			knownRegions = (
				en,
				Base,
			);
			mainGroup = 0B940966215BD599005A6BD2;
			productRefGroup = 0B940970215BD599005A6BD2 /* Products */;
			projectDirPath = "";
			projectRoot = "";
			targets = (
				0B94096E215BD599005A6BD2 /* airdream */,
				0B940982215BD59C005A6BD2 /* airdreamTests */,
				0B94098D215BD59C005A6BD2 /* airdreamUITests */,
			);
		};
/* End PBXProject section */

/* Begin PBXResourcesBuildPhase section */
		0B94096D215BD599005A6BD2 /* Resources */ = {
			isa = PBXResourcesBuildPhase;
			buildActionMask = 2147483647;
			files = (
				0B94097D215BD59C005A6BD2 /* LaunchScreen.storyboard in Resources */,
				0B94097A215BD59C005A6BD2 /* Assets.xcassets in Resources */,
				0B940978215BD599005A6BD2 /* Main.storyboard in Resources */,
			);
			runOnlyForDeploymentPostprocessing = 0;
		};
		0B940981215BD59C005A6BD2 /* Resources */ = {
			isa = PBXResourcesBuildPhase;
			buildActionMask = 2147483647;
			files = (
			);
			runOnlyForDeploymentPostprocessing = 0;
		};
		0B94098C215BD59C005A6BD2 /* Resources */ = {
			isa = PBXResourcesBuildPhase;
			buildActionMask = 2147483647;
			files = (
			);
			runOnlyForDeploymentPostprocessing = 0;
		};
/* End PBXResourcesBuildPhase section */

/* Begin PBXSourcesBuildPhase section */
		0B94096B215BD599005A6BD2 /* Sources */ = {
			isa = PBXSourcesBuildPhase;
			buildActionMask = 2147483647;
			files = (
				0B940975215BD599005A6BD2 /* ViewController.swift in Sources */,
				0B9409A5215BDC4F005A6BD2 /* DepartureCityViewController.swift in Sources */,
				0B9409A1215BDBD4005A6BD2 /* BookingWizardNavigationViewController.swift in Sources */,
				0B940973215BD599005A6BD2 /* AppDelegate.swift in Sources */,
				0B9409A3215BDC17005A6BD2 /* TripTypeViewController.swift in Sources */,
				0B9409A9215BE0EA005A6BD2 /* BookingConfirmationViewController.swift in Sources */,
				0B9409A7215BDF23005A6BD2 /* ArrivalCityViewController.swift in Sources */,
			);
			runOnlyForDeploymentPostprocessing = 0;
		};
		0B94097F215BD59C005A6BD2 /* Sources */ = {
			isa = PBXSourcesBuildPhase;
			buildActionMask = 2147483647;
			files = (
				0B940988215BD59C005A6BD2 /* airdreamTests.swift in Sources */,
			);
			runOnlyForDeploymentPostprocessing = 0;
		};
		0B94098A215BD59C005A6BD2 /* Sources */ = {
			isa = PBXSourcesBuildPhase;
			buildActionMask = 2147483647;
			files = (
				0B940993215BD59C005A6BD2 /* airdreamUITests.swift in Sources */,
			);
			runOnlyForDeploymentPostprocessing = 0;
		};
/* End PBXSourcesBuildPhase section */

/* Begin PBXTargetDependency section */
		0B940985215BD59C005A6BD2 /* PBXTargetDependency */ = {
			isa = PBXTargetDependency;
			target = 0B94096E215BD599005A6BD2 /* airdream */;
			targetProxy = 0B940984215BD59C005A6BD2 /* PBXContainerItemProxy */;
		};
		0B940990215BD59C005A6BD2 /* PBXTargetDependency */ = {
			isa = PBXTargetDependency;
			target = 0B94096E215BD599005A6BD2 /* airdream */;
			targetProxy = 0B94098F215BD59C005A6BD2 /* PBXContainerItemProxy */;
		};
/* End PBXTargetDependency section */

/* Begin PBXVariantGroup section */
		0B940976215BD599005A6BD2 /* Main.storyboard */ = {
			isa = PBXVariantGroup;
			children = (
				0B940977215BD599005A6BD2 /* Base */,
			);
			name = Main.storyboard;
			sourceTree = "<group>";
		};
		0B94097B215BD59C005A6BD2 /* LaunchScreen.storyboard */ = {
			isa = PBXVariantGroup;
			children = (
				0B94097C215BD59C005A6BD2 /* Base */,
			);
			name = LaunchScreen.storyboard;
			sourceTree = "<group>";
		};
/* End PBXVariantGroup section */

/* Begin XCBuildConfiguration section */
		0B940995215BD59C005A6BD2 /* Debug */ = {
			isa = XCBuildConfiguration;
			buildSettings = {
				ALWAYS_SEARCH_USER_PATHS = NO;
				CLANG_ANALYZER_NONNULL = YES;
				CLANG_ANALYZER_NUMBER_OBJECT_CONVERSION = YES_AGGRESSIVE;
				CLANG_CXX_LANGUAGE_STANDARD = "gnu++14";
				CLANG_CXX_LIBRARY = "libc++";
				CLANG_ENABLE_MODULES = YES;
				CLANG_ENABLE_OBJC_ARC = YES;
				CLANG_ENABLE_OBJC_WEAK = YES;
				CLANG_WARN_BLOCK_CAPTURE_AUTORELEASING = YES;
				CLANG_WARN_BOOL_CONVERSION = YES;
				CLANG_WARN_COMMA = YES;
				CLANG_WARN_CONSTANT_CONVERSION = YES;
				CLANG_WARN_DEPRECATED_OBJC_IMPLEMENTATIONS = YES;
				CLANG_WARN_DIRECT_OBJC_ISA_USAGE = YES_ERROR;
				CLANG_WARN_DOCUMENTATION_COMMENTS = YES;
				CLANG_WARN_EMPTY_BODY = YES;
				CLANG_WARN_ENUM_CONVERSION = YES;
				CLANG_WARN_INFINITE_RECURSION = YES;
				CLANG_WARN_INT_CONVERSION = YES;
				CLANG_WARN_NON_LITERAL_NULL_CONVERSION = YES;
				CLANG_WARN_OBJC_IMPLICIT_RETAIN_SELF = YES;
				CLANG_WARN_OBJC_LITERAL_CONVERSION = YES;
				CLANG_WARN_OBJC_ROOT_CLASS = YES_ERROR;
				CLANG_WARN_RANGE_LOOP_ANALYSIS = YES;
				CLANG_WARN_STRICT_PROTOTYPES = YES;
				CLANG_WARN_SUSPICIOUS_MOVE = YES;
				CLANG_WARN_UNGUARDED_AVAILABILITY = YES_AGGRESSIVE;
				CLANG_WARN_UNREACHABLE_CODE = YES;
				CLANG_WARN__DUPLICATE_METHOD_MATCH = YES;
				CODE_SIGN_IDENTITY = "iPhone Developer";
				COPY_PHASE_STRIP = NO;
				DEBUG_INFORMATION_FORMAT = dwarf;
				ENABLE_STRICT_OBJC_MSGSEND = YES;
				ENABLE_TESTABILITY = YES;
				GCC_C_LANGUAGE_STANDARD = gnu11;
				GCC_DYNAMIC_NO_PIC = NO;
				GCC_NO_COMMON_BLOCKS = YES;
				GCC_OPTIMIZATION_LEVEL = 0;
				GCC_PREPROCESSOR_DEFINITIONS = (
					"DEBUG=1",
					"$(inherited)",
				);
				GCC_WARN_64_TO_32_BIT_CONVERSION = YES;
				GCC_WARN_ABOUT_RETURN_TYPE = YES_ERROR;
				GCC_WARN_UNDECLARED_SELECTOR = YES;
				GCC_WARN_UNINITIALIZED_AUTOS = YES_AGGRESSIVE;
				GCC_WARN_UNUSED_FUNCTION = YES;
				GCC_WARN_UNUSED_VARIABLE = YES;
				IPHONEOS_DEPLOYMENT_TARGET = 12.0;
				MTL_ENABLE_DEBUG_INFO = INCLUDE_SOURCE;
				MTL_FAST_MATH = YES;
				ONLY_ACTIVE_ARCH = YES;
				SDKROOT = iphoneos;
				SWIFT_ACTIVE_COMPILATION_CONDITIONS = DEBUG;
				SWIFT_OPTIMIZATION_LEVEL = "-Onone";
			};
			name = Debug;
		};
		0B940996215BD59C005A6BD2 /* Release */ = {
			isa = XCBuildConfiguration;
			buildSettings = {
				ALWAYS_SEARCH_USER_PATHS = NO;
				CLANG_ANALYZER_NONNULL = YES;
				CLANG_ANALYZER_NUMBER_OBJECT_CONVERSION = YES_AGGRESSIVE;
				CLANG_CXX_LANGUAGE_STANDARD = "gnu++14";
				CLANG_CXX_LIBRARY = "libc++";
				CLANG_ENABLE_MODULES = YES;
				CLANG_ENABLE_OBJC_ARC = YES;
				CLANG_ENABLE_OBJC_WEAK = YES;
				CLANG_WARN_BLOCK_CAPTURE_AUTORELEASING = YES;
				CLANG_WARN_BOOL_CONVERSION = YES;
				CLANG_WARN_COMMA = YES;
				CLANG_WARN_CONSTANT_CONVERSION = YES;
				CLANG_WARN_DEPRECATED_OBJC_IMPLEMENTATIONS = YES;
				CLANG_WARN_DIRECT_OBJC_ISA_USAGE = YES_ERROR;
				CLANG_WARN_DOCUMENTATION_COMMENTS = YES;
				CLANG_WARN_EMPTY_BODY = YES;
				CLANG_WARN_ENUM_CONVERSION = YES;
				CLANG_WARN_INFINITE_RECURSION = YES;
				CLANG_WARN_INT_CONVERSION = YES;
				CLANG_WARN_NON_LITERAL_NULL_CONVERSION = YES;
				CLANG_WARN_OBJC_IMPLICIT_RETAIN_SELF = YES;
				CLANG_WARN_OBJC_LITERAL_CONVERSION = YES;
				CLANG_WARN_OBJC_ROOT_CLASS = YES_ERROR;
				CLANG_WARN_RANGE_LOOP_ANALYSIS = YES;
				CLANG_WARN_STRICT_PROTOTYPES = YES;
				CLANG_WARN_SUSPICIOUS_MOVE = YES;
				CLANG_WARN_UNGUARDED_AVAILABILITY = YES_AGGRESSIVE;
				CLANG_WARN_UNREACHABLE_CODE = YES;
				CLANG_WARN__DUPLICATE_METHOD_MATCH = YES;
				CODE_SIGN_IDENTITY = "iPhone Developer";
				COPY_PHASE_STRIP = NO;
				DEBUG_INFORMATION_FORMAT = "dwarf-with-dsym";
				ENABLE_NS_ASSERTIONS = NO;
				ENABLE_STRICT_OBJC_MSGSEND = YES;
				GCC_C_LANGUAGE_STANDARD = gnu11;
				GCC_NO_COMMON_BLOCKS = YES;
				GCC_WARN_64_TO_32_BIT_CONVERSION = YES;
				GCC_WARN_ABOUT_RETURN_TYPE = YES_ERROR;
				GCC_WARN_UNDECLARED_SELECTOR = YES;
				GCC_WARN_UNINITIALIZED_AUTOS = YES_AGGRESSIVE;
				GCC_WARN_UNUSED_FUNCTION = YES;
				GCC_WARN_UNUSED_VARIABLE = YES;
				IPHONEOS_DEPLOYMENT_TARGET = 12.0;
				MTL_ENABLE_DEBUG_INFO = NO;
				MTL_FAST_MATH = YES;
				SDKROOT = iphoneos;
				SWIFT_COMPILATION_MODE = wholemodule;
				SWIFT_OPTIMIZATION_LEVEL = "-O";
				VALIDATE_PRODUCT = YES;
			};
			name = Release;
		};
		0B940998215BD59C005A6BD2 /* Debug */ = {
			isa = XCBuildConfiguration;
			buildSettings = {
				ASSETCATALOG_COMPILER_APPICON_NAME = AppIcon;
				CODE_SIGN_STYLE = Automatic;
				DEVELOPMENT_TEAM = 6BA82YYFJF;
				INFOPLIST_FILE = airdream/Info.plist;
				LD_RUNPATH_SEARCH_PATHS = (
					"$(inherited)",
					"@executable_path/Frameworks",
				);
				PRODUCT_BUNDLE_IDENTIFIER = orange.airdream;
				PRODUCT_NAME = "$(TARGET_NAME)";
				SWIFT_VERSION = 4.2;
				TARGETED_DEVICE_FAMILY = "1,2";
			};
			name = Debug;
		};
		0B940999215BD59C005A6BD2 /* Release */ = {
			isa = XCBuildConfiguration;
			buildSettings = {
				ASSETCATALOG_COMPILER_APPICON_NAME = AppIcon;
				CODE_SIGN_STYLE = Automatic;
				DEVELOPMENT_TEAM = 6BA82YYFJF;
				INFOPLIST_FILE = airdream/Info.plist;
				LD_RUNPATH_SEARCH_PATHS = (
					"$(inherited)",
					"@executable_path/Frameworks",
				);
				PRODUCT_BUNDLE_IDENTIFIER = orange.airdream;
				PRODUCT_NAME = "$(TARGET_NAME)";
				SWIFT_VERSION = 4.2;
				TARGETED_DEVICE_FAMILY = "1,2";
			};
			name = Release;
		};
		0B94099B215BD59C005A6BD2 /* Debug */ = {
			isa = XCBuildConfiguration;
			buildSettings = {
				ALWAYS_EMBED_SWIFT_STANDARD_LIBRARIES = YES;
				BUNDLE_LOADER = "$(TEST_HOST)";
				CODE_SIGN_STYLE = Automatic;
				DEVELOPMENT_TEAM = 6BA82YYFJF;
				INFOPLIST_FILE = airdreamTests/Info.plist;
				LD_RUNPATH_SEARCH_PATHS = (
					"$(inherited)",
					"@executable_path/Frameworks",
					"@loader_path/Frameworks",
				);
				PRODUCT_BUNDLE_IDENTIFIER = orange.airdreamTests;
				PRODUCT_NAME = "$(TARGET_NAME)";
				SWIFT_VERSION = 4.2;
				TARGETED_DEVICE_FAMILY = "1,2";
				TEST_HOST = "$(BUILT_PRODUCTS_DIR)/airdream.app/airdream";
			};
			name = Debug;
		};
		0B94099C215BD59C005A6BD2 /* Release */ = {
			isa = XCBuildConfiguration;
			buildSettings = {
				ALWAYS_EMBED_SWIFT_STANDARD_LIBRARIES = YES;
				BUNDLE_LOADER = "$(TEST_HOST)";
				CODE_SIGN_STYLE = Automatic;
				DEVELOPMENT_TEAM = 6BA82YYFJF;
				INFOPLIST_FILE = airdreamTests/Info.plist;
				LD_RUNPATH_SEARCH_PATHS = (
					"$(inherited)",
					"@executable_path/Frameworks",
					"@loader_path/Frameworks",
				);
				PRODUCT_BUNDLE_IDENTIFIER = orange.airdreamTests;
				PRODUCT_NAME = "$(TARGET_NAME)";
				SWIFT_VERSION = 4.2;
				TARGETED_DEVICE_FAMILY = "1,2";
				TEST_HOST = "$(BUILT_PRODUCTS_DIR)/airdream.app/airdream";
			};
			name = Release;
		};
		0B94099E215BD59C005A6BD2 /* Debug */ = {
			isa = XCBuildConfiguration;
			buildSettings = {
				ALWAYS_EMBED_SWIFT_STANDARD_LIBRARIES = YES;
				CODE_SIGN_STYLE = Automatic;
				DEVELOPMENT_TEAM = 6BA82YYFJF;
				INFOPLIST_FILE = airdreamUITests/Info.plist;
				LD_RUNPATH_SEARCH_PATHS = (
					"$(inherited)",
					"@executable_path/Frameworks",
					"@loader_path/Frameworks",
				);
				PRODUCT_BUNDLE_IDENTIFIER = orange.airdreamUITests;
				PRODUCT_NAME = "$(TARGET_NAME)";
				SWIFT_VERSION = 4.2;
				TARGETED_DEVICE_FAMILY = "1,2";
				TEST_TARGET_NAME = airdream;
			};
			name = Debug;
		};
		0B94099F215BD59C005A6BD2 /* Release */ = {
			isa = XCBuildConfiguration;
			buildSettings = {
				ALWAYS_EMBED_SWIFT_STANDARD_LIBRARIES = YES;
				CODE_SIGN_STYLE = Automatic;
				DEVELOPMENT_TEAM = 6BA82YYFJF;
				INFOPLIST_FILE = airdreamUITests/Info.plist;
				LD_RUNPATH_SEARCH_PATHS = (
					"$(inherited)",
					"@executable_path/Frameworks",
					"@loader_path/Frameworks",
				);
				PRODUCT_BUNDLE_IDENTIFIER = orange.airdreamUITests;
				PRODUCT_NAME = "$(TARGET_NAME)";
				SWIFT_VERSION = 4.2;
				TARGETED_DEVICE_FAMILY = "1,2";
				TEST_TARGET_NAME = airdream;
			};
			name = Release;
		};
/* End XCBuildConfiguration section */

/* Begin XCConfigurationList section */
		0B94096A215BD599005A6BD2 /* Build configuration list for PBXProject "airdream" */ = {
			isa = XCConfigurationList;
			buildConfigurations = (
				0B940995215BD59C005A6BD2 /* Debug */,
				0B940996215BD59C005A6BD2 /* Release */,
			);
			defaultConfigurationIsVisible = 0;
			defaultConfigurationName = Release;
		};
		0B940997215BD59C005A6BD2 /* Build configuration list for PBXNativeTarget "airdream" */ = {
			isa = XCConfigurationList;
			buildConfigurations = (
				0B940998215BD59C005A6BD2 /* Debug */,
				0B940999215BD59C005A6BD2 /* Release */,
			);
			defaultConfigurationIsVisible = 0;
			defaultConfigurationName = Release;
		};
		0B94099A215BD59C005A6BD2 /* Build configuration list for PBXNativeTarget "airdreamTests" */ = {
			isa = XCConfigurationList;
			buildConfigurations = (
				0B94099B215BD59C005A6BD2 /* Debug */,
				0B94099C215BD59C005A6BD2 /* Release */,
			);
			defaultConfigurationIsVisible = 0;
			defaultConfigurationName = Release;
		};
		0B94099D215BD59C005A6BD2 /* Build configuration list for PBXNativeTarget "airdreamUITests" */ = {
			isa = XCConfigurationList;
			buildConfigurations = (
				0B94099E215BD59C005A6BD2 /* Debug */,
				0B94099F215BD59C005A6BD2 /* Release */,
			);
			defaultConfigurationIsVisible = 0;
			defaultConfigurationName = Release;
		};
/* End XCConfigurationList section */
	};
	rootObject = 0B940967215BD599005A6BD2 /* Project object */;
}
